<?xml version="1.0" encoding="utf-8"?>
<Project ToolsVersion="4.0" xmlns="http://schemas.microsoft.com/developer/msbuild/2003">
  <ItemGroup>
    <None Include="..\assets\shaders\BrdfLut.hlsl">
      <Filter>리소스 파일</Filter>
    </None>
    <None Include="..\assets\shaders\CubePreview.hlsl">
      <Filter>리소스 파일</Filter>
    </None>
  </ItemGroup>
  <ItemGroup>
    <Filter Include="소스 파일">
      <UniqueIdentifier>{4FC737F1-C7A5-4376-A066-2A32D752A2FF}</UniqueIdentifier>
      <Extensions>cpp;c;cc;cxx;c++;cppm;ixx;def;odl;idl;hpj;bat;asm;asmx</Extensions>
    </Filter>
    <Filter Include="헤더 파일">
      <UniqueIdentifier>{93995380-89BD-4b04-88EB-625FBE52EBFB}</UniqueIdentifier>
      <Extensions>h;hh;hpp;hxx;h++;hm;inl;inc;ipp;xsd</Extensions>
    </Filter>
    <Filter Include="리소스 파일">
      <UniqueIdentifier>{67DA6AB6-F800-4c08-8B7A-83BB121AAD01}</UniqueIdentifier>
      <Extensions>rc;ico;cur;bmp;dlg;rc2;rct;bin;rgs;gif;jpg;jpeg;jpe;resx;tiff;tif;png;wav;mfcribbon-ms</Extensions>
    </Filter>
  </ItemGroup>
  <ItemGroup>
    <ClCompile Include="..\src\main.cpp">
      <Filter>소스 파일</Filter>
    </ClCompile>
    <ClCompile Include="..\src\systems\CameraController.cpp">
      <Filter>소스 파일</Filter>
    </ClCompile>
    <ClCompile Include="..\src\systems\LightController.cpp">
      <Filter>소스 파일</Filter>
    </ClCompile>
    <ClCompile Include="..\src\systems\PostProcessSystem.cpp">
      <Filter>소스 파일</Filter>
    </ClCompile>
    <ClCompile Include="..\src\scene\Camera.cpp">
      <Filter>소스 파일</Filter>
    </ClCompile>
    <ClCompile Include="..\src\scene\GameObject.cpp">
      <Filter>소스 파일</Filter>
    </ClCompile>
    <ClCompile Include="..\src\scene\Light.cpp">
      <Filter>소스 파일</Filter>
    </ClCompile>
    <ClCompile Include="..\src\scene\Scene.cpp">
      <Filter>소스 파일</Filter>
    </ClCompile>
    <ClCompile Include="..\src\scene\Transform.cpp">
      <Filter>소스 파일</Filter>
    </ClCompile>
    <ClCompile Include="..\src\renderer\ConstantBuffer.cpp">
      <Filter>소스 파일</Filter>
    </ClCompile>
    <ClCompile Include="..\src\renderer\DepthStencil.cpp">
      <Filter>소스 파일</Filter>
    </ClCompile>
    <ClCompile Include="..\src\renderer\DeviceResources.cpp">
      <Filter>소스 파일</Filter>
    </ClCompile>
    <ClCompile Include="..\src\renderer\Material.cpp">
      <Filter>소스 파일</Filter>
    </ClCompile>
    <ClCompile Include="..\src\renderer\Mesh.cpp">
      <Filter>소스 파일</Filter>
    </ClCompile>
    <ClCompile Include="..\src\renderer\Renderer.cpp">
      <Filter>소스 파일</Filter>
    </ClCompile>
    <ClCompile Include="..\src\renderer\RenderStates.cpp">
      <Filter>소스 파일</Filter>
    </ClCompile>
    <ClCompile Include="..\src\renderer\RenderTarget.cpp">
      <Filter>소스 파일</Filter>
    </ClCompile>
    <ClCompile Include="..\src\renderer\Shader.cpp">
      <Filter>소스 파일</Filter>
    </ClCompile>
    <ClCompile Include="..\src\renderer\ShaderLibrary.cpp">
      <Filter>소스 파일</Filter>
    </ClCompile>
    <ClCompile Include="..\src\renderer\Texture.cpp">
      <Filter>소스 파일</Filter>
    </ClCompile>
    <ClCompile Include="..\src\debug\DebugDraw.cpp">
      <Filter>소스 파일</Filter>
    </ClCompile>
    <ClCompile Include="..\src\debug\ImGuiLayer.cpp">
      <Filter>소스 파일</Filter>
    </ClCompile>
    <ClCompile Include="..\src\core\FileUtils.cpp">
      <Filter>소스 파일</Filter>
    </ClCompile>
    <ClCompile Include="..\src\core\Input.cpp">
      <Filter>소스 파일</Filter>
    </ClCompile>
    <ClCompile Include="..\src\core\Logger.cpp">
      <Filter>소스 파일</Filter>
    </ClCompile>
    <ClCompile Include="..\src\core\Timer.cpp">
      <Filter>소스 파일</Filter>
    </ClCompile>
  </ItemGroup>
  <ItemGroup>
    <ClInclude Include="..\src\systems\CameraController.h">
      <Filter>헤더 파일</Filter>
    </ClInclude>
    <ClInclude Include="..\src\systems\LightController.h">
      <Filter>헤더 파일</Filter>
    </ClInclude>
    <ClInclude Include="..\src\systems\PostProcessSystem.h">
      <Filter>헤더 파일</Filter>
    </ClInclude>
    <ClInclude Include="..\src\scene\Camera.h">
      <Filter>소스 파일</Filter>
    </ClInclude>
    <ClInclude Include="..\src\scene\GameObject.h">
      <Filter>소스 파일</Filter>
    </ClInclude>
    <ClInclude Include="..\src\scene\Light.h">
      <Filter>소스 파일</Filter>
    </ClInclude>
    <ClInclude Include="..\src\scene\Scene.h">
      <Filter>소스 파일</Filter>
    </ClInclude>
    <ClInclude Include="..\src\scene\Transform.h">
      <Filter>소스 파일</Filter>
    </ClInclude>
    <ClInclude Include="..\src\renderer\ConstantBuffer.h">
      <Filter>소스 파일</Filter>
    </ClInclude>
    <ClInclude Include="..\src\renderer\DepthStencil.h">
      <Filter>소스 파일</Filter>
    </ClInclude>
    <ClInclude Include="..\src\renderer\DeviceResources.h">
      <Filter>소스 파일</Filter>
    </ClInclude>
    <ClInclude Include="..\src\renderer\Material.h">
      <Filter>소스 파일</Filter>
    </ClInclude>
    <ClInclude Include="..\src\renderer\Mesh.h">
      <Filter>소스 파일</Filter>
    </ClInclude>
    <ClInclude Include="..\src\renderer\Renderer.h">
      <Filter>소스 파일</Filter>
    </ClInclude>
    <ClInclude Include="..\src\renderer\RenderStates.h">
      <Filter>소스 파일</Filter>
    </ClInclude>
    <ClInclude Include="..\src\renderer\RenderTarget.h">
      <Filter>소스 파일</Filter>
    </ClInclude>
    <ClInclude Include="..\src\renderer\Shader.h">
      <Filter>소스 파일</Filter>
    </ClInclude>
    <ClInclude Include="..\src\renderer\ShaderLibrary.h">
      <Filter>소스 파일</Filter>
    </ClInclude>
    <ClInclude Include="..\src\renderer\Texture.h">
      <Filter>소스 파일</Filter>
    </ClInclude>
    <ClInclude Include="..\src\debug\DebugDraw.h">
      <Filter>헤더 파일</Filter>
    </ClInclude>
    <ClInclude Include="..\src\debug\DebugSettings.h">
      <Filter>헤더 파일</Filter>
    </ClInclude>
    <ClInclude Include="..\src\debug\ImGuiLayer.h">
      <Filter>헤더 파일</Filter>
    </ClInclude>
    <ClInclude Include="..\src\core\Common.h">
      <Filter>소스 파일</Filter>
    </ClInclude>
    <ClInclude Include="..\src\core\FileUtils.h">
      <Filter>소스 파일</Filter>
    </ClInclude>
    <ClInclude Include="..\src\core\Input.h">
      <Filter>소스 파일</Filter>
    </ClInclude>
    <ClInclude Include="..\src\core\Logger.h">
      <Filter>소스 파일</Filter>
    </ClInclude>
    <ClInclude Include="..\src\core\MathTypes.h">
      <Filter>소스 파일</Filter>
    </ClInclude>
    <ClInclude Include="..\src\core\Timer.h">
      <Filter>소스 파일</Filter>
    </ClInclude>
  </ItemGroup>
  <ItemGroup>
    <None Include="..\src\debug\RenderDocGuide.md" />
  </ItemGroup>
</Project>
